// !$*UTF8*$!
{
	archiveVersion = 1;
	classes = {
	};
	objectVersion = 46;
	objects = {

/* Begin PBXBuildFile section */
		DA54D5451596A56E0039F16F /* UIColor+YMColor.m in Sources */ = {isa = PBXBuildFile; fileRef = DA54D5421596A56E0039F16F /* UIColor+YMColor.m */; };
		DA54D5461596A56E0039F16F /* YMColor.m in Sources */ = {isa = PBXBuildFile; fileRef = DA54D5441596A56E0039F16F /* YMColor.m */; };
		DA54D5561596DA5F0039F16F /* YMColorPickerView.m in Sources */ = {isa = PBXBuildFile; fileRef = DA54D5551596DA5F0039F16F /* YMColorPickerView.m */; };
		DA54D55A1596DA780039F16F /* YMColorPickerViewController.m in Sources */ = {isa = PBXBuildFile; fileRef = DA54D5591596DA780039F16F /* YMColorPickerViewController.m */; };
		DA8ED03B1596EA4500952611 /* YMColorPickerManager.m in Sources */ = {isa = PBXBuildFile; fileRef = DA8ED03A1596EA4500952611 /* YMColorPickerManager.m */; };
		DAABA7F01597021A00E63941 /* YMColorInfoView.m in Sources */ = {isa = PBXBuildFile; fileRef = DAABA7EF1597021A00E63941 /* YMColorInfoView.m */; };
		DAABA7F315970D5500E63941 /* YMBrightnessSlider.m in Sources */ = {isa = PBXBuildFile; fileRef = DAABA7F215970D5500E63941 /* YMBrightnessSlider.m */; };
		DAABA7F6159711E300E63941 /* HRBrightnessCursor.m in Sources */ = {isa = PBXBuildFile; fileRef = DAABA7F5159711E300E63941 /* HRBrightnessCursor.m */; };
		DAABA7F91597120300E63941 /* HRCgUtil.m in Sources */ = {isa = PBXBuildFile; fileRef = DAABA7F81597120200E63941 /* HRCgUtil.m */; };
		DAD014FF159612F300A76877 /* UIKit.framework in Frameworks */ = {isa = PBXBuildFile; fileRef = DAD014FE159612F300A76877 /* UIKit.framework */; };
		DAD01501159612F300A76877 /* Foundation.framework in Frameworks */ = {isa = PBXBuildFile; fileRef = DAD01500159612F300A76877 /* Foundation.framework */; };
		DAD01503159612F300A76877 /* CoreGraphics.framework in Frameworks */ = {isa = PBXBuildFile; fileRef = DAD01502159612F300A76877 /* CoreGraphics.framework */; };
		DAD01509159612F300A76877 /* InfoPlist.strings in Resources */ = {isa = PBXBuildFile; fileRef = DAD01507159612F300A76877 /* InfoPlist.strings */; };
		DAD0150B159612F300A76877 /* main.m in Sources */ = {isa = PBXBuildFile; fileRef = DAD0150A159612F300A76877 /* main.m */; };
		DAD0150F159612F300A76877 /* YMAppDelegate.m in Sources */ = {isa = PBXBuildFile; fileRef = DAD0150E159612F300A76877 /* YMAppDelegate.m */; };
/* End PBXBuildFile section */

/* Begin PBXFileReference section */
		DA54D5411596A56E0039F16F /* UIColor+YMColor.h */ = {isa = PBXFileReference; fileEncoding = 4; lastKnownFileType = sourcecode.c.h; path = "UIColor+YMColor.h"; sourceTree = "<group>"; };
		DA54D5421596A56E0039F16F /* UIColor+YMColor.m */ = {isa = PBXFileReference; fileEncoding = 4; lastKnownFileType = sourcecode.c.objc; path = "UIColor+YMColor.m"; sourceTree = "<group>"; };
		DA54D5431596A56E0039F16F /* YMColor.h */ = {isa = PBXFileReference; fileEncoding = 4; lastKnownFileType = sourcecode.c.h; path = YMColor.h; sourceTree = "<group>"; };
		DA54D5441596A56E0039F16F /* YMColor.m */ = {isa = PBXFileReference; fileEncoding = 4; lastKnownFileType = sourcecode.c.objc; path = YMColor.m; sourceTree = "<group>"; };
		DA54D5541596DA5F0039F16F /* YMColorPickerView.h */ = {isa = PBXFileReference; fileEncoding = 4; lastKnownFileType = sourcecode.c.h; path = YMColorPickerView.h; sourceTree = "<group>"; };
		DA54D5551596DA5F0039F16F /* YMColorPickerView.m */ = {isa = PBXFileReference; fileEncoding = 4; lastKnownFileType = sourcecode.c.objc; path = YMColorPickerView.m; sourceTree = "<group>"; };
		DA54D5581596DA780039F16F /* YMColorPickerViewController.h */ = {isa = PBXFileReference; fileEncoding = 4; lastKnownFileType = sourcecode.c.h; path = YMColorPickerViewController.h; sourceTree = "<group>"; };
		DA54D5591596DA780039F16F /* YMColorPickerViewController.m */ = {isa = PBXFileReference; fileEncoding = 4; lastKnownFileType = sourcecode.c.objc; path = YMColorPickerViewController.m; sourceTree = "<group>"; };
		DA8ED0391596EA4500952611 /* YMColorPickerManager.h */ = {isa = PBXFileReference; fileEncoding = 4; lastKnownFileType = sourcecode.c.h; path = YMColorPickerManager.h; sourceTree = "<group>"; };
		DA8ED03A1596EA4500952611 /* YMColorPickerManager.m */ = {isa = PBXFileReference; fileEncoding = 4; lastKnownFileType = sourcecode.c.objc; path = YMColorPickerManager.m; sourceTree = "<group>"; };
		DA8ED03E1596F36E00952611 /* YMColorPickerControlProtocol.h */ = {isa = PBXFileReference; fileEncoding = 4; lastKnownFileType = sourcecode.c.h; path = YMColorPickerControlProtocol.h; sourceTree = "<group>"; };
		DAABA7EE1597021A00E63941 /* YMColorInfoView.h */ = {isa = PBXFileReference; fileEncoding = 4; lastKnownFileType = sourcecode.c.h; path = YMColorInfoView.h; sourceTree = "<group>"; };
		DAABA7EF1597021A00E63941 /* YMColorInfoView.m */ = {isa = PBXFileReference; fileEncoding = 4; lastKnownFileType = sourcecode.c.objc; path = YMColorInfoView.m; sourceTree = "<group>"; };
		DAABA7F115970D5500E63941 /* YMBrightnessSlider.h */ = {isa = PBXFileReference; fileEncoding = 4; lastKnownFileType = sourcecode.c.h; path = YMBrightnessSlider.h; sourceTree = "<group>"; };
		DAABA7F215970D5500E63941 /* YMBrightnessSlider.m */ = {isa = PBXFileReference; fileEncoding = 4; lastKnownFileType = sourcecode.c.objc; path = YMBrightnessSlider.m; sourceTree = "<group>"; };
		DAABA7F4159711E300E63941 /* HRBrightnessCursor.h */ = {isa = PBXFileReference; fileEncoding = 4; lastKnownFileType = sourcecode.c.h; path = HRBrightnessCursor.h; sourceTree = "<group>"; };
		DAABA7F5159711E300E63941 /* HRBrightnessCursor.m */ = {isa = PBXFileReference; fileEncoding = 4; lastKnownFileType = sourcecode.c.objc; path = HRBrightnessCursor.m; sourceTree = "<group>"; };
		DAABA7F71597120200E63941 /* HRCgUtil.h */ = {isa = PBXFileReference; fileEncoding = 4; lastKnownFileType = sourcecode.c.h; path = HRCgUtil.h; sourceTree = "<group>"; };
		DAABA7F81597120200E63941 /* HRCgUtil.m */ = {isa = PBXFileReference; fileEncoding = 4; lastKnownFileType = sourcecode.c.objc; path = HRCgUtil.m; sourceTree = "<group>"; };
		DAD014FA159612F300A76877 /* YMColorPickerKit.app */ = {isa = PBXFileReference; explicitFileType = wrapper.application; includeInIndex = 0; path = YMColorPickerKit.app; sourceTree = BUILT_PRODUCTS_DIR; };
		DAD014FE159612F300A76877 /* UIKit.framework */ = {isa = PBXFileReference; lastKnownFileType = wrapper.framework; name = UIKit.framework; path = System/Library/Frameworks/UIKit.framework; sourceTree = SDKROOT; };
		DAD01500159612F300A76877 /* Foundation.framework */ = {isa = PBXFileReference; lastKnownFileType = wrapper.framework; name = Foundation.framework; path = System/Library/Frameworks/Foundation.framework; sourceTree = SDKROOT; };
		DAD01502159612F300A76877 /* CoreGraphics.framework */ = {isa = PBXFileReference; lastKnownFileType = wrapper.framework; name = CoreGraphics.framework; path = System/Library/Frameworks/CoreGraphics.framework; sourceTree = SDKROOT; };
		DAD01506159612F300A76877 /* YMColorPickerKit-Info.plist */ = {isa = PBXFileReference; lastKnownFileType = text.plist.xml; path = "YMColorPickerKit-Info.plist"; sourceTree = "<group>"; };
		DAD01508159612F300A76877 /* en */ = {isa = PBXFileReference; lastKnownFileType = text.plist.strings; name = en; path = en.lproj/InfoPlist.strings; sourceTree = "<group>"; };
		DAD0150A159612F300A76877 /* main.m */ = {isa = PBXFileReference; lastKnownFileType = sourcecode.c.objc; path = main.m; sourceTree = "<group>"; };
		DAD0150C159612F300A76877 /* YMColorPickerKit-Prefix.pch */ = {isa = PBXFileReference; lastKnownFileType = sourcecode.c.h; path = "YMColorPickerKit-Prefix.pch"; sourceTree = "<group>"; };
		DAD0150D159612F300A76877 /* YMAppDelegate.h */ = {isa = PBXFileReference; lastKnownFileType = sourcecode.c.h; path = YMAppDelegate.h; sourceTree = "<group>"; };
		DAD0150E159612F300A76877 /* YMAppDelegate.m */ = {isa = PBXFileReference; lastKnownFileType = sourcecode.c.objc; path = YMAppDelegate.m; sourceTree = "<group>"; };
/* End PBXFileReference section */

/* Begin PBXFrameworksBuildPhase section */
		DAD014F7159612F300A76877 /* Frameworks */ = {
			isa = PBXFrameworksBuildPhase;
			buildActionMask = 2147483647;
			files = (
				DAD014FF159612F300A76877 /* UIKit.framework in Frameworks */,
				DAD01501159612F300A76877 /* Foundation.framework in Frameworks */,
				DAD01503159612F300A76877 /* CoreGraphics.framework in Frameworks */,
			);
			runOnlyForDeploymentPostprocessing = 0;
		};
/* End PBXFrameworksBuildPhase section */

/* Begin PBXGroup section */
		DA54D5401596A56E0039F16F /* YMColorPickerKit */ = {
			isa = PBXGroup;
			children = (
				DAABA7EC1597020100E63941 /* controles */,
				DA54D5411596A56E0039F16F /* UIColor+YMColor.h */,
				DA54D5421596A56E0039F16F /* UIColor+YMColor.m */,
				DA54D5431596A56E0039F16F /* YMColor.h */,
				DA54D5441596A56E0039F16F /* YMColor.m */,
				DA8ED03E1596F36E00952611 /* YMColorPickerControlProtocol.h */,
				DA8ED0391596EA4500952611 /* YMColorPickerManager.h */,
				DA8ED03A1596EA4500952611 /* YMColorPickerManager.m */,
				DA54D5541596DA5F0039F16F /* YMColorPickerView.h */,
				DA54D5551596DA5F0039F16F /* YMColorPickerView.m */,
				DA54D5581596DA780039F16F /* YMColorPickerViewController.h */,
				DA54D5591596DA780039F16F /* YMColorPickerViewController.m */,
			);
			path = YMColorPickerKit;
			sourceTree = "<group>";
		};
		DAABA7EC1597020100E63941 /* controles */ = {
			isa = PBXGroup;
			children = (
				DAABA7F4159711E300E63941 /* HRBrightnessCursor.h */,
				DAABA7F5159711E300E63941 /* HRBrightnessCursor.m */,
				DAABA7F71597120200E63941 /* HRCgUtil.h */,
				DAABA7F81597120200E63941 /* HRCgUtil.m */,
				DAABA7EE1597021A00E63941 /* YMColorInfoView.h */,
				DAABA7EF1597021A00E63941 /* YMColorInfoView.m */,
				DAABA7F115970D5500E63941 /* YMBrightnessSlider.h */,
				DAABA7F215970D5500E63941 /* YMBrightnessSlider.m */,
			);
			path = controles;
			sourceTree = "<group>";
		};
		DAD014EF159612F300A76877 = {
			isa = PBXGroup;
			children = (
				DAD01504159612F300A76877 /* YMColorPickerKit */,
				DAD014FD159612F300A76877 /* Frameworks */,
				DAD014FB159612F300A76877 /* Products */,
			);
			sourceTree = "<group>";
		};
		DAD014FB159612F300A76877 /* Products */ = {
			isa = PBXGroup;
			children = (
				DAD014FA159612F300A76877 /* YMColorPickerKit.app */,
			);
			name = Products;
			sourceTree = "<group>";
		};
		DAD014FD159612F300A76877 /* Frameworks */ = {
			isa = PBXGroup;
			children = (
				DAD014FE159612F300A76877 /* UIKit.framework */,
				DAD01500159612F300A76877 /* Foundation.framework */,
				DAD01502159612F300A76877 /* CoreGraphics.framework */,
			);
			name = Frameworks;
			sourceTree = "<group>";
		};
		DAD01504159612F300A76877 /* YMColorPickerKit */ = {
			isa = PBXGroup;
			children = (
				DA54D5401596A56E0039F16F /* YMColorPickerKit */,
				DAD0150D159612F300A76877 /* YMAppDelegate.h */,
				DAD0150E159612F300A76877 /* YMAppDelegate.m */,
				DAD01505159612F300A76877 /* Supporting Files */,
			);
			path = YMColorPickerKit;
			sourceTree = "<group>";
		};
		DAD01505159612F300A76877 /* Supporting Files */ = {
			isa = PBXGroup;
			children = (
				DAD01506159612F300A76877 /* YMColorPickerKit-Info.plist */,
				DAD01507159612F300A76877 /* InfoPlist.strings */,
				DAD0150A159612F300A76877 /* main.m */,
				DAD0150C159612F300A76877 /* YMColorPickerKit-Prefix.pch */,
			);
			name = "Supporting Files";
			sourceTree = "<group>";
		};
/* End PBXGroup section */

/* Begin PBXNativeTarget section */
		DAD014F9159612F300A76877 /* YMColorPickerKit */ = {
			isa = PBXNativeTarget;
			buildConfigurationList = DAD01512159612F300A76877 /* Build configuration list for PBXNativeTarget "YMColorPickerKit" */;
			buildPhases = (
				DAD014F6159612F300A76877 /* Sources */,
				DAD014F7159612F300A76877 /* Frameworks */,
				DAD014F8159612F300A76877 /* Resources */,
			);
			buildRules = (
			);
			dependencies = (
			);
			name = YMColorPickerKit;
			productName = YMColorPickerKit;
			productReference = DAD014FA159612F300A76877 /* YMColorPickerKit.app */;
			productType = "com.apple.product-type.application";
		};
/* End PBXNativeTarget section */

/* Begin PBXProject section */
		DAD014F1159612F300A76877 /* Project object */ = {
			isa = PBXProject;
			attributes = {
				LastUpgradeCheck = 0420;
				ORGANIZATIONNAME = "Hayashi Ryota";
			};
			buildConfigurationList = DAD014F4159612F300A76877 /* Build configuration list for PBXProject "YMColorPickerKit" */;
			compatibilityVersion = "Xcode 3.2";
			developmentRegion = English;
			hasScannedForEncodings = 0;
			knownRegions = (
				en,
			);
			mainGroup = DAD014EF159612F300A76877;
			productRefGroup = DAD014FB159612F300A76877 /* Products */;
			projectDirPath = "";
			projectRoot = "";
			targets = (
				DAD014F9159612F300A76877 /* YMColorPickerKit */,
			);
		};
/* End PBXProject section */

/* Begin PBXResourcesBuildPhase section */
		DAD014F8159612F300A76877 /* Resources */ = {
			isa = PBXResourcesBuildPhase;
			buildActionMask = 2147483647;
			files = (
				DAD01509159612F300A76877 /* InfoPlist.strings in Resources */,
			);
			runOnlyForDeploymentPostprocessing = 0;
		};
/* End PBXResourcesBuildPhase section */

/* Begin PBXSourcesBuildPhase section */
		DAD014F6159612F300A76877 /* Sources */ = {
			isa = PBXSourcesBuildPhase;
			buildActionMask = 2147483647;
			files = (
				DAD0150B159612F300A76877 /* main.m in Sources */,
				DAD0150F159612F300A76877 /* YMAppDelegate.m in Sources */,
				DA54D5451596A56E0039F16F /* UIColor+YMColor.m in Sources */,
				DA54D5461596A56E0039F16F /* YMColor.m in Sources */,
				DA54D5561596DA5F0039F16F /* YMColorPickerView.m in Sources */,
				DA54D55A1596DA780039F16F /* YMColorPickerViewController.m in Sources */,
				DA8ED03B1596EA4500952611 /* YMColorPickerManager.m in Sources */,
				DAABA7F01597021A00E63941 /* YMColorInfoView.m in Sources */,
				DAABA7F315970D5500E63941 /* YMBrightnessSlider.m in Sources */,
				DAABA7F6159711E300E63941 /* HRBrightnessCursor.m in Sources */,
				DAABA7F91597120300E63941 /* HRCgUtil.m in Sources */,
			);
			runOnlyForDeploymentPostprocessing = 0;
		};
/* End PBXSourcesBuildPhase section */

/* Begin PBXVariantGroup section */
		DAD01507159612F300A76877 /* InfoPlist.strings */ = {
			isa = PBXVariantGroup;
			children = (
				DAD01508159612F300A76877 /* en */,
			);
			name = InfoPlist.strings;
			sourceTree = "<group>";
		};
/* End PBXVariantGroup section */

/* Begin XCBuildConfiguration section */
		DAD01510159612F300A76877 /* Debug */ = {
			isa = XCBuildConfiguration;
			buildSettings = {
				ALWAYS_SEARCH_USER_PATHS = NO;
				ARCHS = "$(ARCHS_STANDARD_32_BIT)";
				CLANG_ENABLE_OBJC_ARC = YES;
				"CODE_SIGN_IDENTITY[sdk=iphoneos*]" = "iPhone Developer";
				COPY_PHASE_STRIP = NO;
				GCC_C_LANGUAGE_STANDARD = gnu99;
				GCC_DYNAMIC_NO_PIC = NO;
				GCC_OPTIMIZATION_LEVEL = 0;
				GCC_PREPROCESSOR_DEFINITIONS = (
					"DEBUG=1",
					"$(inherited)",
				);
				GCC_SYMBOLS_PRIVATE_EXTERN = NO;
				GCC_VERSION = com.apple.compilers.llvm.clang.1_0;
				GCC_WARN_ABOUT_MISSING_PROTOTYPES = YES;
				GCC_WARN_ABOUT_RETURN_TYPE = YES;
				GCC_WARN_UNUSED_VARIABLE = YES;
				IPHONEOS_DEPLOYMENT_TARGET = 5.0;
				SDKROOT = iphoneos;
			};
			name = Debug;
		};
		DAD01511159612F300A76877 /* Release */ = {
			isa = XCBuildConfiguration;
			buildSettings = {
				ALWAYS_SEARCH_USER_PATHS = NO;
				ARCHS = "$(ARCHS_STANDARD_32_BIT)";
				CLANG_ENABLE_OBJC_ARC = YES;
				"CODE_SIGN_IDENTITY[sdk=iphoneos*]" = "iPhone Developer";
				COPY_PHASE_STRIP = YES;
				GCC_C_LANGUAGE_STANDARD = gnu99;
				GCC_VERSION = com.apple.compilers.llvm.clang.1_0;
				GCC_WARN_ABOUT_MISSING_PROTOTYPES = YES;
				GCC_WARN_ABOUT_RETURN_TYPE = YES;
				GCC_WARN_UNUSED_VARIABLE = YES;
				IPHONEOS_DEPLOYMENT_TARGET = 5.0;
				OTHER_CFLAGS = "-DNS_BLOCK_ASSERTIONS=1";
				SDKROOT = iphoneos;
				VALIDATE_PRODUCT = YES;
			};
			name = Release;
		};
		DAD01513159612F300A76877 /* Debug */ = {
			isa = XCBuildConfiguration;
			buildSettings = {
				GCC_PRECOMPILE_PREFIX_HEADER = YES;
				GCC_PREFIX_HEADER = "YMColorPickerKit/YMColorPickerKit-Prefix.pch";
				INFOPLIST_FILE = "YMColorPickerKit/YMColorPickerKit-Info.plist";
				PRODUCT_NAME = "$(TARGET_NAME)";
				WRAPPER_EXTENSION = app;
			};
			name = Debug;
		};
		DAD01514159612F300A76877 /* Release */ = {
			isa = XCBuildConfiguration;
			buildSettings = {
				GCC_PRECOMPILE_PREFIX_HEADER = YES;
				GCC_PREFIX_HEADER = "YMColorPickerKit/YMColorPickerKit-Prefix.pch";
				INFOPLIST_FILE = "YMColorPickerKit/YMColorPickerKit-Info.plist";
				PRODUCT_NAME = "$(TARGET_NAME)";
				WRAPPER_EXTENSION = app;
			};
			name = Release;
		};
/* End XCBuildConfiguration section */

/* Begin XCConfigurationList section */
		DAD014F4159612F300A76877 /* Build configuration list for PBXProject "YMColorPickerKit" */ = {
			isa = XCConfigurationList;
			buildConfigurations = (
				DAD01510159612F300A76877 /* Debug */,
				DAD01511159612F300A76877 /* Release */,
			);
			defaultConfigurationIsVisible = 0;
			defaultConfigurationName = Release;
		};
		DAD01512159612F300A76877 /* Build configuration list for PBXNativeTarget "YMColorPickerKit" */ = {
			isa = XCConfigurationList;
			buildConfigurations = (
				DAD01513159612F300A76877 /* Debug */,
				DAD01514159612F300A76877 /* Release */,
			);
			defaultConfigurationIsVisible = 0;
			defaultConfigurationName = Release;
		};
/* End XCConfigurationList section */
	};
	rootObject = DAD014F1159612F300A76877 /* Project object */;
}
